// !$*UTF8*$!
{
	archiveVersion = 1;
	classes = {
	};
	objectVersion = 50;
	objects = {

/* Begin PBXBuildFile section */
		268F9017209498D6002412BE /* UIProgressView+AFNetworking.m in Sources */ = {isa = PBXBuildFile; fileRef = 268F9003209498D6002412BE /* UIProgressView+AFNetworking.m */; };
		268F9018209498D6002412BE /* UIRefreshControl+AFNetworking.m in Sources */ = {isa = PBXBuildFile; fileRef = 268F9005209498D6002412BE /* UIRefreshControl+AFNetworking.m */; };
		268F9019209498D6002412BE /* AFNetworkActivityIndicatorManager.m in Sources */ = {isa = PBXBuildFile; fileRef = 268F9008209498D6002412BE /* AFNetworkActivityIndicatorManager.m */; };
		268F901A209498D6002412BE /* UIImageView+AFNetworking.m in Sources */ = {isa = PBXBuildFile; fileRef = 268F900E209498D6002412BE /* UIImageView+AFNetworking.m */; };
		268F901B209498D6002412BE /* UIButton+AFNetworking.m in Sources */ = {isa = PBXBuildFile; fileRef = 268F9011209498D6002412BE /* UIButton+AFNetworking.m */; };
		268F901C209498D6002412BE /* UIActivityIndicatorView+AFNetworking.m in Sources */ = {isa = PBXBuildFile; fileRef = 268F9012209498D6002412BE /* UIActivityIndicatorView+AFNetworking.m */; };
		268F901D209498D6002412BE /* UIWebView+AFNetworking.m in Sources */ = {isa = PBXBuildFile; fileRef = 268F9013209498D6002412BE /* UIWebView+AFNetworking.m */; };
		268F901E209498D6002412BE /* AFAutoPurgingImageCache.m in Sources */ = {isa = PBXBuildFile; fileRef = 268F9014209498D6002412BE /* AFAutoPurgingImageCache.m */; };
		268F901F209498D6002412BE /* AFImageDownloader.m in Sources */ = {isa = PBXBuildFile; fileRef = 268F9016209498D6002412BE /* AFImageDownloader.m */; };
		26AB6D0F208B543D001399A5 /* AppDelegate.swift in Sources */ = {isa = PBXBuildFile; fileRef = 26AB6D0E208B543D001399A5 /* AppDelegate.swift */; };
		26AB6D11208B543D001399A5 /* ViewController.swift in Sources */ = {isa = PBXBuildFile; fileRef = 26AB6D10208B543D001399A5 /* ViewController.swift */; };
		26AB6D14208B543D001399A5 /* Main.storyboard in Resources */ = {isa = PBXBuildFile; fileRef = 26AB6D12208B543D001399A5 /* Main.storyboard */; };
		26AB6D16208B543E001399A5 /* Assets.xcassets in Resources */ = {isa = PBXBuildFile; fileRef = 26AB6D15208B543E001399A5 /* Assets.xcassets */; };
		26AB6D19208B543E001399A5 /* LaunchScreen.storyboard in Resources */ = {isa = PBXBuildFile; fileRef = 26AB6D17208B543E001399A5 /* LaunchScreen.storyboard */; };
		26AB6D42208B6EDC001399A5 /* AFURLResponseSerialization.m in Sources */ = {isa = PBXBuildFile; fileRef = 26AB6D39208B6EDC001399A5 /* AFURLResponseSerialization.m */; };
		26AB6D43208B6EDC001399A5 /* AFHTTPSessionManager.m in Sources */ = {isa = PBXBuildFile; fileRef = 26AB6D3A208B6EDC001399A5 /* AFHTTPSessionManager.m */; };
		26AB6D44208B6EDC001399A5 /* AFURLSessionManager.m in Sources */ = {isa = PBXBuildFile; fileRef = 26AB6D3C208B6EDC001399A5 /* AFURLSessionManager.m */; };
		26AB6D45208B6EDC001399A5 /* AFURLRequestSerialization.m in Sources */ = {isa = PBXBuildFile; fileRef = 26AB6D3D208B6EDC001399A5 /* AFURLRequestSerialization.m */; };
		26AB6D46208B6EDC001399A5 /* AFNetworkReachabilityManager.m in Sources */ = {isa = PBXBuildFile; fileRef = 26AB6D3F208B6EDC001399A5 /* AFNetworkReachabilityManager.m */; };
		26AB6D47208B6EDC001399A5 /* AFSecurityPolicy.m in Sources */ = {isa = PBXBuildFile; fileRef = 26AB6D40208B6EDC001399A5 /* AFSecurityPolicy.m */; };
/* End PBXBuildFile section */

/* Begin PBXFileReference section */
		268F9003209498D6002412BE /* UIProgressView+AFNetworking.m */ = {isa = PBXFileReference; fileEncoding = 4; lastKnownFileType = sourcecode.c.objc; path = "UIProgressView+AFNetworking.m"; sourceTree = "<group>"; };
		268F9004209498D6002412BE /* UIButton+AFNetworking.h */ = {isa = PBXFileReference; fileEncoding = 4; lastKnownFileType = sourcecode.c.h; path = "UIButton+AFNetworking.h"; sourceTree = "<group>"; };
		268F9005209498D6002412BE /* UIRefreshControl+AFNetworking.m */ = {isa = PBXFileReference; fileEncoding = 4; lastKnownFileType = sourcecode.c.objc; path = "UIRefreshControl+AFNetworking.m"; sourceTree = "<group>"; };
		268F9006209498D6002412BE /* UIImageView+AFNetworking.h */ = {isa = PBXFileReference; fileEncoding = 4; lastKnownFileType = sourcecode.c.h; path = "UIImageView+AFNetworking.h"; sourceTree = "<group>"; };
		268F9007209498D6002412BE /* AFImageDownloader.h */ = {isa = PBXFileReference; fileEncoding = 4; lastKnownFileType = sourcecode.c.h; path = AFImageDownloader.h; sourceTree = "<group>"; };
		268F9008209498D6002412BE /* AFNetworkActivityIndicatorManager.m */ = {isa = PBXFileReference; fileEncoding = 4; lastKnownFileType = sourcecode.c.objc; path = AFNetworkActivityIndicatorManager.m; sourceTree = "<group>"; };
		268F9009209498D6002412BE /* AFAutoPurgingImageCache.h */ = {isa = PBXFileReference; fileEncoding = 4; lastKnownFileType = sourcecode.c.h; path = AFAutoPurgingImageCache.h; sourceTree = "<group>"; };
		268F900A209498D6002412BE /* UIWebView+AFNetworking.h */ = {isa = PBXFileReference; fileEncoding = 4; lastKnownFileType = sourcecode.c.h; path = "UIWebView+AFNetworking.h"; sourceTree = "<group>"; };
		268F900B209498D6002412BE /* UIActivityIndicatorView+AFNetworking.h */ = {isa = PBXFileReference; fileEncoding = 4; lastKnownFileType = sourcecode.c.h; path = "UIActivityIndicatorView+AFNetworking.h"; sourceTree = "<group>"; };
		268F900C209498D6002412BE /* UIImage+AFNetworking.h */ = {isa = PBXFileReference; fileEncoding = 4; lastKnownFileType = sourcecode.c.h; path = "UIImage+AFNetworking.h"; sourceTree = "<group>"; };
		268F900D209498D6002412BE /* UIProgressView+AFNetworking.h */ = {isa = PBXFileReference; fileEncoding = 4; lastKnownFileType = sourcecode.c.h; path = "UIProgressView+AFNetworking.h"; sourceTree = "<group>"; };
		268F900E209498D6002412BE /* UIImageView+AFNetworking.m */ = {isa = PBXFileReference; fileEncoding = 4; lastKnownFileType = sourcecode.c.objc; path = "UIImageView+AFNetworking.m"; sourceTree = "<group>"; };
		268F900F209498D6002412BE /* UIKit+AFNetworking.h */ = {isa = PBXFileReference; fileEncoding = 4; lastKnownFileType = sourcecode.c.h; path = "UIKit+AFNetworking.h"; sourceTree = "<group>"; };
		268F9010209498D6002412BE /* UIRefreshControl+AFNetworking.h */ = {isa = PBXFileReference; fileEncoding = 4; lastKnownFileType = sourcecode.c.h; path = "UIRefreshControl+AFNetworking.h"; sourceTree = "<group>"; };
		268F9011209498D6002412BE /* UIButton+AFNetworking.m */ = {isa = PBXFileReference; fileEncoding = 4; lastKnownFileType = sourcecode.c.objc; path = "UIButton+AFNetworking.m"; sourceTree = "<group>"; };
		268F9012209498D6002412BE /* UIActivityIndicatorView+AFNetworking.m */ = {isa = PBXFileReference; fileEncoding = 4; lastKnownFileType = sourcecode.c.objc; path = "UIActivityIndicatorView+AFNetworking.m"; sourceTree = "<group>"; };
		268F9013209498D6002412BE /* UIWebView+AFNetworking.m */ = {isa = PBXFileReference; fileEncoding = 4; lastKnownFileType = sourcecode.c.objc; path = "UIWebView+AFNetworking.m"; sourceTree = "<group>"; };
		268F9014209498D6002412BE /* AFAutoPurgingImageCache.m */ = {isa = PBXFileReference; fileEncoding = 4; lastKnownFileType = sourcecode.c.objc; path = AFAutoPurgingImageCache.m; sourceTree = "<group>"; };
		268F9015209498D6002412BE /* AFNetworkActivityIndicatorManager.h */ = {isa = PBXFileReference; fileEncoding = 4; lastKnownFileType = sourcecode.c.h; path = AFNetworkActivityIndicatorManager.h; sourceTree = "<group>"; };
		268F9016209498D6002412BE /* AFImageDownloader.m */ = {isa = PBXFileReference; fileEncoding = 4; lastKnownFileType = sourcecode.c.objc; path = AFImageDownloader.m; sourceTree = "<group>"; };
		26AB6D0B208B543D001399A5 /* Flickr Testing App.app */ = {isa = PBXFileReference; explicitFileType = wrapper.application; includeInIndex = 0; path = "Flickr Testing App.app"; sourceTree = BUILT_PRODUCTS_DIR; };
		26AB6D0E208B543D001399A5 /* AppDelegate.swift */ = {isa = PBXFileReference; lastKnownFileType = sourcecode.swift; path = AppDelegate.swift; sourceTree = "<group>"; };
		26AB6D10208B543D001399A5 /* ViewController.swift */ = {isa = PBXFileReference; lastKnownFileType = sourcecode.swift; path = ViewController.swift; sourceTree = "<group>"; };
		26AB6D13208B543D001399A5 /* Base */ = {isa = PBXFileReference; lastKnownFileType = file.storyboard; name = Base; path = Base.lproj/Main.storyboard; sourceTree = "<group>"; };
		26AB6D15208B543E001399A5 /* Assets.xcassets */ = {isa = PBXFileReference; lastKnownFileType = folder.assetcatalog; path = Assets.xcassets; sourceTree = "<group>"; };
		26AB6D18208B543E001399A5 /* Base */ = {isa = PBXFileReference; lastKnownFileType = file.storyboard; name = Base; path = Base.lproj/LaunchScreen.storyboard; sourceTree = "<group>"; };
		26AB6D1A208B543E001399A5 /* Info.plist */ = {isa = PBXFileReference; lastKnownFileType = text.plist.xml; path = Info.plist; sourceTree = "<group>"; };
		26AB6D35208B6EDC001399A5 /* AFSecurityPolicy.h */ = {isa = PBXFileReference; fileEncoding = 4; lastKnownFileType = sourcecode.c.h; path = AFSecurityPolicy.h; sourceTree = "<group>"; };
		26AB6D36208B6EDC001399A5 /* AFNetworkReachabilityManager.h */ = {isa = PBXFileReference; fileEncoding = 4; lastKnownFileType = sourcecode.c.h; path = AFNetworkReachabilityManager.h; sourceTree = "<group>"; };
		26AB6D37208B6EDC001399A5 /* AFURLSessionManager.h */ = {isa = PBXFileReference; fileEncoding = 4; lastKnownFileType = sourcecode.c.h; path = AFURLSessionManager.h; sourceTree = "<group>"; };
		26AB6D38208B6EDC001399A5 /* AFURLRequestSerialization.h */ = {isa = PBXFileReference; fileEncoding = 4; lastKnownFileType = sourcecode.c.h; path = AFURLRequestSerialization.h; sourceTree = "<group>"; };
		26AB6D39208B6EDC001399A5 /* AFURLResponseSerialization.m */ = {isa = PBXFileReference; fileEncoding = 4; lastKnownFileType = sourcecode.c.objc; path = AFURLResponseSerialization.m; sourceTree = "<group>"; };
		26AB6D3A208B6EDC001399A5 /* AFHTTPSessionManager.m */ = {isa = PBXFileReference; fileEncoding = 4; lastKnownFileType = sourcecode.c.objc; path = AFHTTPSessionManager.m; sourceTree = "<group>"; };
		26AB6D3B208B6EDC001399A5 /* AFURLResponseSerialization.h */ = {isa = PBXFileReference; fileEncoding = 4; lastKnownFileType = sourcecode.c.h; path = AFURLResponseSerialization.h; sourceTree = "<group>"; };
		26AB6D3C208B6EDC001399A5 /* AFURLSessionManager.m */ = {isa = PBXFileReference; fileEncoding = 4; lastKnownFileType = sourcecode.c.objc; path = AFURLSessionManager.m; sourceTree = "<group>"; };
		26AB6D3D208B6EDC001399A5 /* AFURLRequestSerialization.m */ = {isa = PBXFileReference; fileEncoding = 4; lastKnownFileType = sourcecode.c.objc; path = AFURLRequestSerialization.m; sourceTree = "<group>"; };
		26AB6D3E208B6EDC001399A5 /* AFNetworking.h */ = {isa = PBXFileReference; fileEncoding = 4; lastKnownFileType = sourcecode.c.h; path = AFNetworking.h; sourceTree = "<group>"; };
		26AB6D3F208B6EDC001399A5 /* AFNetworkReachabilityManager.m */ = {isa = PBXFileReference; fileEncoding = 4; lastKnownFileType = sourcecode.c.objc; path = AFNetworkReachabilityManager.m; sourceTree = "<group>"; };
		26AB6D40208B6EDC001399A5 /* AFSecurityPolicy.m */ = {isa = PBXFileReference; fileEncoding = 4; lastKnownFileType = sourcecode.c.objc; path = AFSecurityPolicy.m; sourceTree = "<group>"; };
		26AB6D41208B6EDC001399A5 /* AFHTTPSessionManager.h */ = {isa = PBXFileReference; fileEncoding = 4; lastKnownFileType = sourcecode.c.h; path = AFHTTPSessionManager.h; sourceTree = "<group>"; };
		26AB6D48208B6F9C001399A5 /* bridge.h */ = {isa = PBXFileReference; lastKnownFileType = sourcecode.c.h; path = bridge.h; sourceTree = "<group>"; };
/* End PBXFileReference section */

/* Begin PBXFrameworksBuildPhase section */
		26AB6D08208B543D001399A5 /* Frameworks */ = {
			isa = PBXFrameworksBuildPhase;
			buildActionMask = 2147483647;
			files = (
			);
			runOnlyForDeploymentPostprocessing = 0;
		};
/* End PBXFrameworksBuildPhase section */

/* Begin PBXGroup section */
		268F9002209498D6002412BE /* UIKit+AFNetworking */ = {
			isa = PBXGroup;
			children = (
				268F9003209498D6002412BE /* UIProgressView+AFNetworking.m */,
				268F9004209498D6002412BE /* UIButton+AFNetworking.h */,
				268F9005209498D6002412BE /* UIRefreshControl+AFNetworking.m */,
				268F9006209498D6002412BE /* UIImageView+AFNetworking.h */,
				268F9007209498D6002412BE /* AFImageDownloader.h */,
				268F9008209498D6002412BE /* AFNetworkActivityIndicatorManager.m */,
				268F9009209498D6002412BE /* AFAutoPurgingImageCache.h */,
				268F900A209498D6002412BE /* UIWebView+AFNetworking.h */,
				268F900B209498D6002412BE /* UIActivityIndicatorView+AFNetworking.h */,
				268F900C209498D6002412BE /* UIImage+AFNetworking.h */,
				268F900D209498D6002412BE /* UIProgressView+AFNetworking.h */,
				268F900E209498D6002412BE /* UIImageView+AFNetworking.m */,
				268F900F209498D6002412BE /* UIKit+AFNetworking.h */,
				268F9010209498D6002412BE /* UIRefreshControl+AFNetworking.h */,
				268F9011209498D6002412BE /* UIButton+AFNetworking.m */,
				268F9012209498D6002412BE /* UIActivityIndicatorView+AFNetworking.m */,
				268F9013209498D6002412BE /* UIWebView+AFNetworking.m */,
				268F9014209498D6002412BE /* AFAutoPurgingImageCache.m */,
				268F9015209498D6002412BE /* AFNetworkActivityIndicatorManager.h */,
				268F9016209498D6002412BE /* AFImageDownloader.m */,
			);
			path = "UIKit+AFNetworking";
			sourceTree = "<group>";
		};
		26AB6D02208B543C001399A5 = {
			isa = PBXGroup;
			children = (
				26AB6D48208B6F9C001399A5 /* bridge.h */,
				26AB6D0D208B543D001399A5 /* Flickr Testing App */,
				26AB6D0C208B543D001399A5 /* Products */,
				268F9002209498D6002412BE /* UIKit+AFNetworking */,
				26AB6D34208B6EDC001399A5 /* AFNetworking */,
			);
			sourceTree = "<group>";
		};
		26AB6D0C208B543D001399A5 /* Products */ = {
			isa = PBXGroup;
			children = (
				26AB6D0B208B543D001399A5 /* Flickr Testing App.app */,
			);
			name = Products;
			sourceTree = "<group>";
		};
		26AB6D0D208B543D001399A5 /* Flickr Testing App */ = {
			isa = PBXGroup;
			children = (
				26AB6D0E208B543D001399A5 /* AppDelegate.swift */,
				26AB6D10208B543D001399A5 /* ViewController.swift */,
				26AB6D12208B543D001399A5 /* Main.storyboard */,
				26AB6D15208B543E001399A5 /* Assets.xcassets */,
				26AB6D17208B543E001399A5 /* LaunchScreen.storyboard */,
				26AB6D1A208B543E001399A5 /* Info.plist */,
			);
			path = "Flickr Testing App";
			sourceTree = "<group>";
		};
		26AB6D34208B6EDC001399A5 /* AFNetworking */ = {
			isa = PBXGroup;
			children = (
				26AB6D35208B6EDC001399A5 /* AFSecurityPolicy.h */,
				26AB6D36208B6EDC001399A5 /* AFNetworkReachabilityManager.h */,
				26AB6D37208B6EDC001399A5 /* AFURLSessionManager.h */,
				26AB6D38208B6EDC001399A5 /* AFURLRequestSerialization.h */,
				26AB6D39208B6EDC001399A5 /* AFURLResponseSerialization.m */,
				26AB6D3A208B6EDC001399A5 /* AFHTTPSessionManager.m */,
				26AB6D3B208B6EDC001399A5 /* AFURLResponseSerialization.h */,
				26AB6D3C208B6EDC001399A5 /* AFURLSessionManager.m */,
				26AB6D3D208B6EDC001399A5 /* AFURLRequestSerialization.m */,
				26AB6D3E208B6EDC001399A5 /* AFNetworking.h */,
				26AB6D3F208B6EDC001399A5 /* AFNetworkReachabilityManager.m */,
				26AB6D40208B6EDC001399A5 /* AFSecurityPolicy.m */,
				26AB6D41208B6EDC001399A5 /* AFHTTPSessionManager.h */,
			);
			path = AFNetworking;
			sourceTree = "<group>";
		};
/* End PBXGroup section */

/* Begin PBXNativeTarget section */
		26AB6D0A208B543D001399A5 /* Flickr Testing App */ = {
			isa = PBXNativeTarget;
			buildConfigurationList = 26AB6D1D208B543E001399A5 /* Build configuration list for PBXNativeTarget "Flickr Testing App" */;
			buildPhases = (
				26AB6D07208B543D001399A5 /* Sources */,
				26AB6D08208B543D001399A5 /* Frameworks */,
				26AB6D09208B543D001399A5 /* Resources */,
			);
			buildRules = (
			);
			dependencies = (
			);
			name = "Flickr Testing App";
			productName = "Flickr Testing App";
			productReference = 26AB6D0B208B543D001399A5 /* Flickr Testing App.app */;
			productType = "com.apple.product-type.application";
		};
/* End PBXNativeTarget section */

/* Begin PBXProject section */
		26AB6D03208B543C001399A5 /* Project object */ = {
			isa = PBXProject;
			attributes = {
				LastSwiftUpdateCheck = 0930;
				LastUpgradeCheck = 0930;
				ORGANIZATIONNAME = sarah;
				TargetAttributes = {
					26AB6D0A208B543D001399A5 = {
						CreatedOnToolsVersion = 9.3;
					};
				};
			};
			buildConfigurationList = 26AB6D06208B543C001399A5 /* Build configuration list for PBXProject "Flickr Testing App" */;
			compatibilityVersion = "Xcode 9.3";
			developmentRegion = en;
			hasScannedForEncodings = 0;
			knownRegions = (
				en,
				Base,
			);
			mainGroup = 26AB6D02208B543C001399A5;
			productRefGroup = 26AB6D0C208B543D001399A5 /* Products */;
			projectDirPath = "";
			projectRoot = "";
			targets = (
				26AB6D0A208B543D001399A5 /* Flickr Testing App */,
			);
		};
/* End PBXProject section */

/* Begin PBXResourcesBuildPhase section */
		26AB6D09208B543D001399A5 /* Resources */ = {
			isa = PBXResourcesBuildPhase;
			buildActionMask = 2147483647;
			files = (
				26AB6D19208B543E001399A5 /* LaunchScreen.storyboard in Resources */,
				26AB6D16208B543E001399A5 /* Assets.xcassets in Resources */,
				26AB6D14208B543D001399A5 /* Main.storyboard in Resources */,
			);
			runOnlyForDeploymentPostprocessing = 0;
		};
/* End PBXResourcesBuildPhase section */

/* Begin PBXSourcesBuildPhase section */
		26AB6D07208B543D001399A5 /* Sources */ = {
			isa = PBXSourcesBuildPhase;
			buildActionMask = 2147483647;
			files = (
				26AB6D44208B6EDC001399A5 /* AFURLSessionManager.m in Sources */,
				26AB6D11208B543D001399A5 /* ViewController.swift in Sources */,
				268F901D209498D6002412BE /* UIWebView+AFNetworking.m in Sources */,
				268F901F209498D6002412BE /* AFImageDownloader.m in Sources */,
				268F9018209498D6002412BE /* UIRefreshControl+AFNetworking.m in Sources */,
				26AB6D42208B6EDC001399A5 /* AFURLResponseSerialization.m in Sources */,
				268F9019209498D6002412BE /* AFNetworkActivityIndicatorManager.m in Sources */,
				26AB6D46208B6EDC001399A5 /* AFNetworkReachabilityManager.m in Sources */,
				268F901E209498D6002412BE /* AFAutoPurgingImageCache.m in Sources */,
				268F901C209498D6002412BE /* UIActivityIndicatorView+AFNetworking.m in Sources */,
				268F9017209498D6002412BE /* UIProgressView+AFNetworking.m in Sources */,
				268F901A209498D6002412BE /* UIImageView+AFNetworking.m in Sources */,
				26AB6D47208B6EDC001399A5 /* AFSecurityPolicy.m in Sources */,
				26AB6D45208B6EDC001399A5 /* AFURLRequestSerialization.m in Sources */,
				26AB6D0F208B543D001399A5 /* AppDelegate.swift in Sources */,
				268F901B209498D6002412BE /* UIButton+AFNetworking.m in Sources */,
				26AB6D43208B6EDC001399A5 /* AFHTTPSessionManager.m in Sources */,
			);
			runOnlyForDeploymentPostprocessing = 0;
		};
/* End PBXSourcesBuildPhase section */

/* Begin PBXVariantGroup section */
		26AB6D12208B543D001399A5 /* Main.storyboard */ = {
			isa = PBXVariantGroup;
			children = (
				26AB6D13208B543D001399A5 /* Base */,
			);
			name = Main.storyboard;
			sourceTree = "<group>";
		};
		26AB6D17208B543E001399A5 /* LaunchScreen.storyboard */ = {
			isa = PBXVariantGroup;
			children = (
				26AB6D18208B543E001399A5 /* Base */,
			);
			name = LaunchScreen.storyboard;
			sourceTree = "<group>";
		};
/* End PBXVariantGroup section */

/* Begin XCBuildConfiguration section */
		26AB6D1B208B543E001399A5 /* Debug */ = {
			isa = XCBuildConfiguration;
			buildSettings = {
				ALWAYS_SEARCH_USER_PATHS = NO;
				CLANG_ANALYZER_NONNULL = YES;
				CLANG_ANALYZER_NUMBER_OBJECT_CONVERSION = YES_AGGRESSIVE;
				CLANG_CXX_LANGUAGE_STANDARD = "gnu++14";
				CLANG_CXX_LIBRARY = "libc++";
				CLANG_ENABLE_MODULES = YES;
				CLANG_ENABLE_OBJC_ARC = YES;
				CLANG_ENABLE_OBJC_WEAK = YES;
				CLANG_WARN_BLOCK_CAPTURE_AUTORELEASING = YES;
				CLANG_WARN_BOOL_CONVERSION = YES;
				CLANG_WARN_COMMA = YES;
				CLANG_WARN_CONSTANT_CONVERSION = YES;
				CLANG_WARN_DEPRECATED_OBJC_IMPLEMENTATIONS = YES;
				CLANG_WARN_DIRECT_OBJC_ISA_USAGE = YES_ERROR;
				CLANG_WARN_DOCUMENTATION_COMMENTS = YES;
				CLANG_WARN_EMPTY_BODY = YES;
				CLANG_WARN_ENUM_CONVERSION = YES;
				CLANG_WARN_INFINITE_RECURSION = YES;
				CLANG_WARN_INT_CONVERSION = YES;
				CLANG_WARN_NON_LITERAL_NULL_CONVERSION = YES;
				CLANG_WARN_OBJC_IMPLICIT_RETAIN_SELF = YES;
				CLANG_WARN_OBJC_LITERAL_CONVERSION = YES;
				CLANG_WARN_OBJC_ROOT_CLASS = YES_ERROR;
				CLANG_WARN_RANGE_LOOP_ANALYSIS = YES;
				CLANG_WARN_STRICT_PROTOTYPES = YES;
				CLANG_WARN_SUSPICIOUS_MOVE = YES;
				CLANG_WARN_UNGUARDED_AVAILABILITY = YES_AGGRESSIVE;
				CLANG_WARN_UNREACHABLE_CODE = YES;
				CLANG_WARN__DUPLICATE_METHOD_MATCH = YES;
				CODE_SIGN_IDENTITY = "iPhone Developer";
				COPY_PHASE_STRIP = NO;
				DEBUG_INFORMATION_FORMAT = dwarf;
				ENABLE_STRICT_OBJC_MSGSEND = YES;
				ENABLE_TESTABILITY = YES;
				GCC_C_LANGUAGE_STANDARD = gnu11;
				GCC_DYNAMIC_NO_PIC = NO;
				GCC_NO_COMMON_BLOCKS = YES;
				GCC_OPTIMIZATION_LEVEL = 0;
				GCC_PREPROCESSOR_DEFINITIONS = (
					"DEBUG=1",
					"$(inherited)",
				);
				GCC_WARN_64_TO_32_BIT_CONVERSION = YES;
				GCC_WARN_ABOUT_RETURN_TYPE = YES_ERROR;
				GCC_WARN_UNDECLARED_SELECTOR = YES;
				GCC_WARN_UNINITIALIZED_AUTOS = YES_AGGRESSIVE;
				GCC_WARN_UNUSED_FUNCTION = YES;
				GCC_WARN_UNUSED_VARIABLE = YES;
				IPHONEOS_DEPLOYMENT_TARGET = 11.3;
				MTL_ENABLE_DEBUG_INFO = YES;
				ONLY_ACTIVE_ARCH = YES;
				SDKROOT = iphoneos;
				SWIFT_ACTIVE_COMPILATION_CONDITIONS = DEBUG;
				SWIFT_OPTIMIZATION_LEVEL = "-Onone";
			};
			name = Debug;
		};
		26AB6D1C208B543E001399A5 /* Release */ = {
			isa = XCBuildConfiguration;
			buildSettings = {
				ALWAYS_SEARCH_USER_PATHS = NO;
				CLANG_ANALYZER_NONNULL = YES;
				CLANG_ANALYZER_NUMBER_OBJECT_CONVERSION = YES_AGGRESSIVE;
				CLANG_CXX_LANGUAGE_STANDARD = "gnu++14";
				CLANG_CXX_LIBRARY = "libc++";
				CLANG_ENABLE_MODULES = YES;
				CLANG_ENABLE_OBJC_ARC = YES;
				CLANG_ENABLE_OBJC_WEAK = YES;
				CLANG_WARN_BLOCK_CAPTURE_AUTORELEASING = YES;
				CLANG_WARN_BOOL_CONVERSION = YES;
				CLANG_WARN_COMMA = YES;
				CLANG_WARN_CONSTANT_CONVERSION = YES;
				CLANG_WARN_DEPRECATED_OBJC_IMPLEMENTATIONS = YES;
				CLANG_WARN_DIRECT_OBJC_ISA_USAGE = YES_ERROR;
				CLANG_WARN_DOCUMENTATION_COMMENTS = YES;
				CLANG_WARN_EMPTY_BODY = YES;
				CLANG_WARN_ENUM_CONVERSION = YES;
				CLANG_WARN_INFINITE_RECURSION = YES;
				CLANG_WARN_INT_CONVERSION = YES;
				CLANG_WARN_NON_LITERAL_NULL_CONVERSION = YES;
				CLANG_WARN_OBJC_IMPLICIT_RETAIN_SELF = YES;
				CLANG_WARN_OBJC_LITERAL_CONVERSION = YES;
				CLANG_WARN_OBJC_ROOT_CLASS = YES_ERROR;
				CLANG_WARN_RANGE_LOOP_ANALYSIS = YES;
				CLANG_WARN_STRICT_PROTOTYPES = YES;
				CLANG_WARN_SUSPICIOUS_MOVE = YES;
				CLANG_WARN_UNGUARDED_AVAILABILITY = YES_AGGRESSIVE;
				CLANG_WARN_UNREACHABLE_CODE = YES;
				CLANG_WARN__DUPLICATE_METHOD_MATCH = YES;
				CODE_SIGN_IDENTITY = "iPhone Developer";
				COPY_PHASE_STRIP = NO;
				DEBUG_INFORMATION_FORMAT = "dwarf-with-dsym";
				ENABLE_NS_ASSERTIONS = NO;
				ENABLE_STRICT_OBJC_MSGSEND = YES;
				GCC_C_LANGUAGE_STANDARD = gnu11;
				GCC_NO_COMMON_BLOCKS = YES;
				GCC_WARN_64_TO_32_BIT_CONVERSION = YES;
				GCC_WARN_ABOUT_RETURN_TYPE = YES_ERROR;
				GCC_WARN_UNDECLARED_SELECTOR = YES;
				GCC_WARN_UNINITIALIZED_AUTOS = YES_AGGRESSIVE;
				GCC_WARN_UNUSED_FUNCTION = YES;
				GCC_WARN_UNUSED_VARIABLE = YES;
				IPHONEOS_DEPLOYMENT_TARGET = 11.3;
				MTL_ENABLE_DEBUG_INFO = NO;
				SDKROOT = iphoneos;
				SWIFT_COMPILATION_MODE = wholemodule;
				SWIFT_OPTIMIZATION_LEVEL = "-O";
				VALIDATE_PRODUCT = YES;
			};
			name = Release;
		};
		26AB6D1E208B543E001399A5 /* Debug */ = {
			isa = XCBuildConfiguration;
			buildSettings = {
				ASSETCATALOG_COMPILER_APPICON_NAME = AppIcon;
				CODE_SIGN_STYLE = Automatic;
				DEFINES_MODULE = YES;
				INFOPLIST_FILE = "Flickr Testing App/Info.plist";
				LD_RUNPATH_SEARCH_PATHS = (
					"$(inherited)",
					"@executable_path/Frameworks",
				);
				PRODUCT_BUNDLE_IDENTIFIER = "test1.Flickr-Testing-App";
				PRODUCT_NAME = "$(TARGET_NAME)";
				SWIFT_OBJC_BRIDGING_HEADER = bridge.h;
				SWIFT_VERSION = 4.0;
				TARGETED_DEVICE_FAMILY = "1,2";
			};
			name = Debug;
		};
		26AB6D1F208B543E001399A5 /* Release */ = {
			isa = XCBuildConfiguration;
			buildSettings = {
				ASSETCATALOG_COMPILER_APPICON_NAME = AppIcon;
				CODE_SIGN_STYLE = Automatic;
				DEFINES_MODULE = YES;
				INFOPLIST_FILE = "Flickr Testing App/Info.plist";
				LD_RUNPATH_SEARCH_PATHS = (
					"$(inherited)",
					"@executable_path/Frameworks",
				);
				PRODUCT_BUNDLE_IDENTIFIER = "test1.Flickr-Testing-App";
				PRODUCT_NAME = "$(TARGET_NAME)";
				SWIFT_OBJC_BRIDGING_HEADER = bridge.h;
				SWIFT_VERSION = 4.0;
				TARGETED_DEVICE_FAMILY = "1,2";
			};
			name = Release;
		};
/* End XCBuildConfiguration section */

/* Begin XCConfigurationList section */
		26AB6D06208B543C001399A5 /* Build configuration list for PBXProject "Flickr Testing App" */ = {
			isa = XCConfigurationList;
			buildConfigurations = (
				26AB6D1B208B543E001399A5 /* Debug */,
				26AB6D1C208B543E001399A5 /* Release */,
			);
			defaultConfigurationIsVisible = 0;
			defaultConfigurationName = Release;
		};
		26AB6D1D208B543E001399A5 /* Build configuration list for PBXNativeTarget "Flickr Testing App" */ = {
			isa = XCConfigurationList;
			buildConfigurations = (
				26AB6D1E208B543E001399A5 /* Debug */,
				26AB6D1F208B543E001399A5 /* Release */,
			);
			defaultConfigurationIsVisible = 0;
			defaultConfigurationName = Release;
		};
/* End XCConfigurationList section */
	};
	rootObject = 26AB6D03208B543C001399A5 /* Project object */;
}
